// !$*UTF8*$!
{
	archiveVersion = 1;
	classes = {
	};
	objectVersion = 50;
	objects = {

/* Begin PBXBuildFile section */
		198FFAA222F65F7D0055FC3E /* AppDelegate.swift in Sources */ = {isa = PBXBuildFile; fileRef = 198FFAA122F65F7D0055FC3E /* AppDelegate.swift */; };
		198FFAA422F65F7D0055FC3E /* ViewController.swift in Sources */ = {isa = PBXBuildFile; fileRef = 198FFAA322F65F7D0055FC3E /* ViewController.swift */; };
		198FFAA722F65F7D0055FC3E /* Main.storyboard in Resources */ = {isa = PBXBuildFile; fileRef = 198FFAA522F65F7D0055FC3E /* Main.storyboard */; };
		198FFAAA22F65F7D0055FC3E /* StoreFinderApp.xcdatamodeld in Sources */ = {isa = PBXBuildFile; fileRef = 198FFAA822F65F7D0055FC3E /* StoreFinderApp.xcdatamodeld */; };
		198FFAAC22F65F7F0055FC3E /* Assets.xcassets in Resources */ = {isa = PBXBuildFile; fileRef = 198FFAAB22F65F7F0055FC3E /* Assets.xcassets */; };
		198FFAAF22F65F7F0055FC3E /* LaunchScreen.storyboard in Resources */ = {isa = PBXBuildFile; fileRef = 198FFAAD22F65F7F0055FC3E /* LaunchScreen.storyboard */; };
/* End PBXBuildFile section */

/* Begin PBXFileReference section */
		198FFA9E22F65F7D0055FC3E /* StoreFinderApp.app */ = {isa = PBXFileReference; explicitFileType = wrapper.application; includeInIndex = 0; path = StoreFinderApp.app; sourceTree = BUILT_PRODUCTS_DIR; };
		198FFAA122F65F7D0055FC3E /* AppDelegate.swift */ = {isa = PBXFileReference; lastKnownFileType = sourcecode.swift; path = AppDelegate.swift; sourceTree = "<group>"; };
		198FFAA322F65F7D0055FC3E /* ViewController.swift */ = {isa = PBXFileReference; lastKnownFileType = sourcecode.swift; path = ViewController.swift; sourceTree = "<group>"; };
		198FFAA622F65F7D0055FC3E /* Base */ = {isa = PBXFileReference; lastKnownFileType = file.storyboard; name = Base; path = Base.lproj/Main.storyboard; sourceTree = "<group>"; };
		198FFAA922F65F7D0055FC3E /* StoreFinderApp.xcdatamodel */ = {isa = PBXFileReference; lastKnownFileType = wrapper.xcdatamodel; path = StoreFinderApp.xcdatamodel; sourceTree = "<group>"; };
		198FFAAB22F65F7F0055FC3E /* Assets.xcassets */ = {isa = PBXFileReference; lastKnownFileType = folder.assetcatalog; path = Assets.xcassets; sourceTree = "<group>"; };
		198FFAAE22F65F7F0055FC3E /* Base */ = {isa = PBXFileReference; lastKnownFileType = file.storyboard; name = Base; path = Base.lproj/LaunchScreen.storyboard; sourceTree = "<group>"; };
		198FFAB022F65F7F0055FC3E /* Info.plist */ = {isa = PBXFileReference; lastKnownFileType = text.plist.xml; path = Info.plist; sourceTree = "<group>"; };
/* End PBXFileReference section */

/* Begin PBXFrameworksBuildPhase section */
		198FFA9B22F65F7D0055FC3E /* Frameworks */ = {
			isa = PBXFrameworksBuildPhase;
			buildActionMask = 2147483647;
			files = (
			);
			runOnlyForDeploymentPostprocessing = 0;
		};
/* End PBXFrameworksBuildPhase section */

/* Begin PBXGroup section */
		198FFA9522F65F7D0055FC3E = {
			isa = PBXGroup;
			children = (
				198FFAA022F65F7D0055FC3E /* StoreFinderApp */,
				198FFA9F22F65F7D0055FC3E /* Products */,
			);
			sourceTree = "<group>";
		};
		198FFA9F22F65F7D0055FC3E /* Products */ = {
			isa = PBXGroup;
			children = (
				198FFA9E22F65F7D0055FC3E /* StoreFinderApp.app */,
			);
			name = Products;
			sourceTree = "<group>";
		};
		198FFAA022F65F7D0055FC3E /* StoreFinderApp */ = {
			isa = PBXGroup;
			children = (
				198FFAA122F65F7D0055FC3E /* AppDelegate.swift */,
				198FFAA322F65F7D0055FC3E /* ViewController.swift */,
				198FFAA522F65F7D0055FC3E /* Main.storyboard */,
				198FFAAB22F65F7F0055FC3E /* Assets.xcassets */,
				198FFAAD22F65F7F0055FC3E /* LaunchScreen.storyboard */,
				198FFAB022F65F7F0055FC3E /* Info.plist */,
				198FFAA822F65F7D0055FC3E /* StoreFinderApp.xcdatamodeld */,
			);
			path = StoreFinderApp;
			sourceTree = "<group>";
		};
/* End PBXGroup section */

/* Begin PBXNativeTarget section */
		198FFA9D22F65F7D0055FC3E /* StoreFinderApp */ = {
			isa = PBXNativeTarget;
			buildConfigurationList = 198FFAB322F65F7F0055FC3E /* Build configuration list for PBXNativeTarget "StoreFinderApp" */;
			buildPhases = (
				198FFA9A22F65F7D0055FC3E /* Sources */,
				198FFA9B22F65F7D0055FC3E /* Frameworks */,
				198FFA9C22F65F7D0055FC3E /* Resources */,
			);
			buildRules = (
			);
			dependencies = (
			);
			name = StoreFinderApp;
			productName = StoreFinderApp;
			productReference = 198FFA9E22F65F7D0055FC3E /* StoreFinderApp.app */;
			productType = "com.apple.product-type.application";
		};
/* End PBXNativeTarget section */

/* Begin PBXProject section */
		198FFA9622F65F7D0055FC3E /* Project object */ = {
			isa = PBXProject;
			attributes = {
				LastSwiftUpdateCheck = 1030;
				LastUpgradeCheck = 1030;
				ORGANIZATIONNAME = Me;
				TargetAttributes = {
					198FFA9D22F65F7D0055FC3E = {
						CreatedOnToolsVersion = 10.3;
					};
				};
			};
			buildConfigurationList = 198FFA9922F65F7D0055FC3E /* Build configuration list for PBXProject "StoreFinderApp" */;
			compatibilityVersion = "Xcode 9.3";
			developmentRegion = en;
			hasScannedForEncodings = 0;
			knownRegions = (
				en,
				Base,
			);
			mainGroup = 198FFA9522F65F7D0055FC3E;
			productRefGroup = 198FFA9F22F65F7D0055FC3E /* Products */;
			projectDirPath = "";
			projectRoot = "";
			targets = (
				198FFA9D22F65F7D0055FC3E /* StoreFinderApp */,
			);
		};
/* End PBXProject section */

/* Begin PBXResourcesBuildPhase section */
		198FFA9C22F65F7D0055FC3E /* Resources */ = {
			isa = PBXResourcesBuildPhase;
			buildActionMask = 2147483647;
			files = (
				198FFAAF22F65F7F0055FC3E /* LaunchScreen.storyboard in Resources */,
				198FFAAC22F65F7F0055FC3E /* Assets.xcassets in Resources */,
				198FFAA722F65F7D0055FC3E /* Main.storyboard in Resources */,
			);
			runOnlyForDeploymentPostprocessing = 0;
		};
/* End PBXResourcesBuildPhase section */

/* Begin PBXSourcesBuildPhase section */
		198FFA9A22F65F7D0055FC3E /* Sources */ = {
			isa = PBXSourcesBuildPhase;
			buildActionMask = 2147483647;
			files = (
				198FFAA422F65F7D0055FC3E /* ViewController.swift in Sources */,
				198FFAAA22F65F7D0055FC3E /* StoreFinderApp.xcdatamodeld in Sources */,
				198FFAA222F65F7D0055FC3E /* AppDelegate.swift in Sources */,
			);
			runOnlyForDeploymentPostprocessing = 0;
		};
/* End PBXSourcesBuildPhase section */

/* Begin PBXVariantGroup section */
		198FFAA522F65F7D0055FC3E /* Main.storyboard */ = {
			isa = PBXVariantGroup;
			children = (
				198FFAA622F65F7D0055FC3E /* Base */,
			);
			name = Main.storyboard;
			sourceTree = "<group>";
		};
		198FFAAD22F65F7F0055FC3E /* LaunchScreen.storyboard */ = {
			isa = PBXVariantGroup;
			children = (
				198FFAAE22F65F7F0055FC3E /* Base */,
			);
			name = LaunchScreen.storyboard;
			sourceTree = "<group>";
		};
/* End PBXVariantGroup section */

/* Begin XCBuildConfiguration section */
		198FFAB122F65F7F0055FC3E /* Debug */ = {
			isa = XCBuildConfiguration;
			buildSettings = {
				ALWAYS_SEARCH_USER_PATHS = NO;
				CLANG_ANALYZER_NONNULL = YES;
				CLANG_ANALYZER_NUMBER_OBJECT_CONVERSION = YES_AGGRESSIVE;
				CLANG_CXX_LANGUAGE_STANDARD = "gnu++14";
				CLANG_CXX_LIBRARY = "libc++";
				CLANG_ENABLE_MODULES = YES;
				CLANG_ENABLE_OBJC_ARC = YES;
				CLANG_ENABLE_OBJC_WEAK = YES;
				CLANG_WARN_BLOCK_CAPTURE_AUTORELEASING = YES;
				CLANG_WARN_BOOL_CONVERSION = YES;
				CLANG_WARN_COMMA = YES;
				CLANG_WARN_CONSTANT_CONVERSION = YES;
				CLANG_WARN_DEPRECATED_OBJC_IMPLEMENTATIONS = YES;
				CLANG_WARN_DIRECT_OBJC_ISA_USAGE = YES_ERROR;
				CLANG_WARN_DOCUMENTATION_COMMENTS = YES;
				CLANG_WARN_EMPTY_BODY = YES;
				CLANG_WARN_ENUM_CONVERSION = YES;
				CLANG_WARN_INFINITE_RECURSION = YES;
				CLANG_WARN_INT_CONVERSION = YES;
				CLANG_WARN_NON_LITERAL_NULL_CONVERSION = YES;
				CLANG_WARN_OBJC_IMPLICIT_RETAIN_SELF = YES;
				CLANG_WARN_OBJC_LITERAL_CONVERSION = YES;
				CLANG_WARN_OBJC_ROOT_CLASS = YES_ERROR;
				CLANG_WARN_RANGE_LOOP_ANALYSIS = YES;
				CLANG_WARN_STRICT_PROTOTYPES = YES;
				CLANG_WARN_SUSPICIOUS_MOVE = YES;
				CLANG_WARN_UNGUARDED_AVAILABILITY = YES_AGGRESSIVE;
				CLANG_WARN_UNREACHABLE_CODE = YES;
				CLANG_WARN__DUPLICATE_METHOD_MATCH = YES;
				CODE_SIGN_IDENTITY = "iPhone Developer";
				COPY_PHASE_STRIP = NO;
				DEBUG_INFORMATION_FORMAT = dwarf;
				ENABLE_STRICT_OBJC_MSGSEND = YES;
				ENABLE_TESTABILITY = YES;
				GCC_C_LANGUAGE_STANDARD = gnu11;
				GCC_DYNAMIC_NO_PIC = NO;
				GCC_NO_COMMON_BLOCKS = YES;
				GCC_OPTIMIZATION_LEVEL = 0;
				GCC_PREPROCESSOR_DEFINITIONS = (
					"DEBUG=1",
					"$(inherited)",
				);
				GCC_WARN_64_TO_32_BIT_CONVERSION = YES;
				GCC_WARN_ABOUT_RETURN_TYPE = YES_ERROR;
				GCC_WARN_UNDECLARED_SELECTOR = YES;
				GCC_WARN_UNINITIALIZED_AUTOS = YES_AGGRESSIVE;
				GCC_WARN_UNUSED_FUNCTION = YES;
				GCC_WARN_UNUSED_VARIABLE = YES;
				IPHONEOS_DEPLOYMENT_TARGET = 12.4;
				MTL_ENABLE_DEBUG_INFO = INCLUDE_SOURCE;
				MTL_FAST_MATH = YES;
				ONLY_ACTIVE_ARCH = YES;
				SDKROOT = iphoneos;
				SWIFT_ACTIVE_COMPILATION_CONDITIONS = DEBUG;
				SWIFT_OPTIMIZATION_LEVEL = "-Onone";
			};
			name = Debug;
		};
		198FFAB222F65F7F0055FC3E /* Release */ = {
			isa = XCBuildConfiguration;
			buildSettings = {
				ALWAYS_SEARCH_USER_PATHS = NO;
				CLANG_ANALYZER_NONNULL = YES;
				CLANG_ANALYZER_NUMBER_OBJECT_CONVERSION = YES_AGGRESSIVE;
				CLANG_CXX_LANGUAGE_STANDARD = "gnu++14";
				CLANG_CXX_LIBRARY = "libc++";
				CLANG_ENABLE_MODULES = YES;
				CLANG_ENABLE_OBJC_ARC = YES;
				CLANG_ENABLE_OBJC_WEAK = YES;
				CLANG_WARN_BLOCK_CAPTURE_AUTORELEASING = YES;
				CLANG_WARN_BOOL_CONVERSION = YES;
				CLANG_WARN_COMMA = YES;
				CLANG_WARN_CONSTANT_CONVERSION = YES;
				CLANG_WARN_DEPRECATED_OBJC_IMPLEMENTATIONS = YES;
				CLANG_WARN_DIRECT_OBJC_ISA_USAGE = YES_ERROR;
				CLANG_WARN_DOCUMENTATION_COMMENTS = YES;
				CLANG_WARN_EMPTY_BODY = YES;
				CLANG_WARN_ENUM_CONVERSION = YES;
				CLANG_WARN_INFINITE_RECURSION = YES;
				CLANG_WARN_INT_CONVERSION = YES;
				CLANG_WARN_NON_LITERAL_NULL_CONVERSION = YES;
				CLANG_WARN_OBJC_IMPLICIT_RETAIN_SELF = YES;
				CLANG_WARN_OBJC_LITERAL_CONVERSION = YES;
				CLANG_WARN_OBJC_ROOT_CLASS = YES_ERROR;
				CLANG_WARN_RANGE_LOOP_ANALYSIS = YES;
				CLANG_WARN_STRICT_PROTOTYPES = YES;
				CLANG_WARN_SUSPICIOUS_MOVE = YES;
				CLANG_WARN_UNGUARDED_AVAILABILITY = YES_AGGRESSIVE;
				CLANG_WARN_UNREACHABLE_CODE = YES;
				CLANG_WARN__DUPLICATE_METHOD_MATCH = YES;
				CODE_SIGN_IDENTITY = "iPhone Developer";
				COPY_PHASE_STRIP = NO;
				DEBUG_INFORMATION_FORMAT = "dwarf-with-dsym";
				ENABLE_NS_ASSERTIONS = NO;
				ENABLE_STRICT_OBJC_MSGSEND = YES;
				GCC_C_LANGUAGE_STANDARD = gnu11;
				GCC_NO_COMMON_BLOCKS = YES;
				GCC_WARN_64_TO_32_BIT_CONVERSION = YES;
				GCC_WARN_ABOUT_RETURN_TYPE = YES_ERROR;
				GCC_WARN_UNDECLARED_SELECTOR = YES;
				GCC_WARN_UNINITIALIZED_AUTOS = YES_AGGRESSIVE;
				GCC_WARN_UNUSED_FUNCTION = YES;
				GCC_WARN_UNUSED_VARIABLE = YES;
				IPHONEOS_DEPLOYMENT_TARGET = 12.4;
				MTL_ENABLE_DEBUG_INFO = NO;
				MTL_FAST_MATH = YES;
				SDKROOT = iphoneos;
				SWIFT_COMPILATION_MODE = wholemodule;
				SWIFT_OPTIMIZATION_LEVEL = "-O";
				VALIDATE_PRODUCT = YES;
			};
			name = Release;
		};
		198FFAB422F65F7F0055FC3E /* Debug */ = {
			isa = XCBuildConfiguration;
			buildSettings = {
				ASSETCATALOG_COMPILER_APPICON_NAME = AppIcon;
				CODE_SIGN_STYLE = Automatic;
				DEVELOPMENT_TEAM = LX2PS5CHHC;
				INFOPLIST_FILE = StoreFinderApp/Info.plist;
				LD_RUNPATH_SEARCH_PATHS = (
					"$(inherited)",
					"@executable_path/Frameworks",
				);
				PRODUCT_BUNDLE_IDENTIFIER = Me.StoreFinderApp;
				PRODUCT_NAME = "$(TARGET_NAME)";
				SWIFT_VERSION = 5.0;
				TARGETED_DEVICE_FAMILY = "1,2";
			};
			name = Debug;
		};
		198FFAB522F65F7F0055FC3E /* Release */ = {
			isa = XCBuildConfiguration;
			buildSettings = {
				ASSETCATALOG_COMPILER_APPICON_NAME = AppIcon;
				CODE_SIGN_STYLE = Automatic;
				DEVELOPMENT_TEAM = LX2PS5CHHC;
				INFOPLIST_FILE = StoreFinderApp/Info.plist;
				LD_RUNPATH_SEARCH_PATHS = (
					"$(inherited)",
					"@executable_path/Frameworks",
				);
				PRODUCT_BUNDLE_IDENTIFIER = Me.StoreFinderApp;
				PRODUCT_NAME = "$(TARGET_NAME)";
				SWIFT_VERSION = 5.0;
				TARGETED_DEVICE_FAMILY = "1,2";
			};
			name = Release;
		};
/* End XCBuildConfiguration section */

/* Begin XCConfigurationList section */
		198FFA9922F65F7D0055FC3E /* Build configuration list for PBXProject "StoreFinderApp" */ = {
			isa = XCConfigurationList;
			buildConfigurations = (
				198FFAB122F65F7F0055FC3E /* Debug */,
				198FFAB222F65F7F0055FC3E /* Release */,
			);
			defaultConfigurationIsVisible = 0;
			defaultConfigurationName = Release;
		};
		198FFAB322F65F7F0055FC3E /* Build configuration list for PBXNativeTarget "StoreFinderApp" */ = {
			isa = XCConfigurationList;
			buildConfigurations = (
				198FFAB422F65F7F0055FC3E /* Debug */,
				198FFAB522F65F7F0055FC3E /* Release */,
			);
			defaultConfigurationIsVisible = 0;
			defaultConfigurationName = Release;
		};
/* End XCConfigurationList section */

/* Begin XCVersionGroup section */
		198FFAA822F65F7D0055FC3E /* StoreFinderApp.xcdatamodeld */ = {
			isa = XCVersionGroup;
			children = (
				198FFAA922F65F7D0055FC3E /* StoreFinderApp.xcdatamodel */,
			);
			currentVersion = 198FFAA922F65F7D0055FC3E /* StoreFinderApp.xcdatamodel */;
			path = StoreFinderApp.xcdatamodeld;
			sourceTree = "<group>";
			versionGroupType = wrapper.xcdatamodel;
		};
/* End XCVersionGroup section */
	};
	rootObject = 198FFA9622F65F7D0055FC3E /* Project object */;
}
